
Microsoft Visual Studio Solution File, Format Version 12.00
# Visual Studio 15
VisualStudioVersion = 15.0.28010.2046
MinimumVisualStudioVersion = 10.0.40219.1
Project("{9A19103F-16F7-4668-BE54-9A1E7A4F7556}") = "DataAccesLayer", "DataAccesLayer\DataAccesLayer.csproj", "{E3BB9E51-A268-4B6E-8B26-8B8D62097486}"
EndProject
Project("{9A19103F-16F7-4668-BE54-9A1E7A4F7556}") = "TestDllData", "TestDllData\TestDllData.csproj", "{113FEFA4-B5D4-4441-9BA1-EB408087C69F}"
EndProject
Project("{FAE04EC0-301F-11D3-BF4B-00C04F79EFBC}") = "BusinessLogicLayer", "BusinessLogicLayer\BusinessLogicLayer.csproj", "{07508F8E-1D8A-42C7-BA50-73B602FD26CA}"
EndProject
Project("{FAE04EC0-301F-11D3-BF4B-00C04F79EFBC}") = "PersonsWeb", "PersonsWeb\PersonsWeb.csproj", "{FB277B21-E601-4A7C-9B3E-E97A44D92700}"
EndProject
Global
	GlobalSection(SolutionConfigurationPlatforms) = preSolution
		Debug|Any CPU = Debug|Any CPU
		Release|Any CPU = Release|Any CPU
	EndGlobalSection
	GlobalSection(ProjectConfigurationPlatforms) = postSolution
		{E3BB9E51-A268-4B6E-8B26-8B8D62097486}.Debug|Any CPU.ActiveCfg = Debug|Any CPU
		{E3BB9E51-A268-4B6E-8B26-8B8D62097486}.Debug|Any CPU.Build.0 = Debug|Any CPU
		{E3BB9E51-A268-4B6E-8B26-8B8D62097486}.Release|Any CPU.ActiveCfg = Release|Any CPU
		{E3BB9E51-A268-4B6E-8B26-8B8D62097486}.Release|Any CPU.Build.0 = Release|Any CPU
		{113FEFA4-B5D4-4441-9BA1-EB408087C69F}.Debug|Any CPU.ActiveCfg = Debug|Any CPU
		{113FEFA4-B5D4-4441-9BA1-EB408087C69F}.Debug|Any CPU.Build.0 = Debug|Any CPU
		{113FEFA4-B5D4-4441-9BA1-EB408087C69F}.Release|Any CPU.ActiveCfg = Release|Any CPU
		{113FEFA4-B5D4-4441-9BA1-EB408087C69F}.Release|Any CPU.Build.0 = Release|Any CPU
		{07508F8E-1D8A-42C7-BA50-73B602FD26CA}.Debug|Any CPU.ActiveCfg = Debug|Any CPU
		{07508F8E-1D8A-42C7-BA50-73B602FD26CA}.Debug|Any CPU.Build.0 = Debug|Any CPU
		{07508F8E-1D8A-42C7-BA50-73B602FD26CA}.Release|Any CPU.ActiveCfg = Release|Any CPU
		{07508F8E-1D8A-42C7-BA50-73B602FD26CA}.Release|Any CPU.Build.0 = Release|Any CPU
		{FB277B21-E601-4A7C-9B3E-E97A44D92700}.Debug|Any CPU.ActiveCfg = Debug|Any CPU
		{FB277B21-E601-4A7C-9B3E-E97A44D92700}.Debug|Any CPU.Build.0 = Debug|Any CPU
		{FB277B21-E601-4A7C-9B3E-E97A44D92700}.Release|Any CPU.ActiveCfg = Release|Any CPU
		{FB277B21-E601-4A7C-9B3E-E97A44D92700}.Release|Any CPU.Build.0 = Release|Any CPU
	EndGlobalSection
	GlobalSection(SolutionProperties) = preSolution
		HideSolutionNode = FALSE
	EndGlobalSection
	GlobalSection(ExtensibilityGlobals) = postSolution
		SolutionGuid = {4AB9CDA0-0C59-4281-97F1-884DA953012E}
	EndGlobalSection
EndGlobal
